version = 1
revision = 1
requires-python = ">=3.12"

[[package]]
name = "boto3"
version = "1.37.1"
source = { registry = "https://pypi.org/simple" }
dependencies = [
    { name = "botocore" },
    { name = "jmespath" },
    { name = "s3transfer" },
]
sdist = { url = "https://files.pythonhosted.org/packages/21/8c/c2af03daafaacea1db1823d23073facffa75818b61d376c3be77dd297ae8/boto3-1.37.1.tar.gz", hash = "sha256:96d18f7feb0c1fcb95f8837b74b6c8880e1b4e35ce5f8a8f8cb243a090c278ed", size = 111175 }
wheels = [
    { url = "https://files.pythonhosted.org/packages/63/ec/e722c53c9dc41e8df094587c32e19409bace8b43b5eb31fe3536ca57a38b/boto3-1.37.1-py3-none-any.whl", hash = "sha256:4320441f904435a1b85e6ecb81793192e522c737cc9ed6566014e29f0a11cb22", size = 139338 },
]

[[package]]
name = "botocore"
version = "1.37.1"
source = { registry = "https://pypi.org/simple" }
dependencies = [
    { name = "jmespath" },
    { name = "python-dateutil" },
    { name = "urllib3" },
]
sdist = { url = "https://files.pythonhosted.org/packages/e5/01/3083bff25fd91193162298920cb093b9095609408416526d52b2826965b7/botocore-1.37.1.tar.gz", hash = "sha256:b194db8fb2a0ffba53568c364ae26166e7eec0445496b2ac86a6e142f3dd982f", size = 13578835 }
wheels = [
    { url = "https://files.pythonhosted.org/packages/3d/20/352b2bf99f93ba18986615841786cbd0d38f7856bd49d4e154a540f04afe/botocore-1.37.1-py3-none-any.whl", hash = "sha256:c1db1bfc5d8c6b3b6d1ca6794f605294b4264e82a7e727b88e0fef9c2b9fbb9c", size = 13359164 },
]

[[package]]
name = "confluent-kafka"
version = "2.8.0"
source = { registry = "https://pypi.org/simple" }
sdist = { url = "https://files.pythonhosted.org/packages/bd/a7/a6bd180293fd9ac81f60bf7e9488ba133d5fdaa00aa94518900711c206c0/confluent_kafka-2.8.0.tar.gz", hash = "sha256:56c4aa8e9de6f6e8e3ecf86d396372e76631ec75b107cdb5248c7405ec7c5fa1", size = 189820 }
wheels = [
    { url = "https://files.pythonhosted.org/packages/b9/59/af17e07f9dea2ffff00d0bb6bd3c5eaa91ae10e26f0f2dc6e2184772f8c9/confluent_kafka-2.8.0-cp312-cp312-macosx_10_9_x86_64.whl", hash = "sha256:80bf43c098df04008dd6a517a9f745b67885af9c35c09d220f4d19661ae4d647", size = 3512558 },
    { url = "https://files.pythonhosted.org/packages/d4/47/964539121c1549c615fd7ffd7056dae5e51ea97d5bfa2db7989de31f9c7f/confluent_kafka-2.8.0-cp312-cp312-macosx_11_0_arm64.whl", hash = "sha256:3f5e5b18c7acf50777545e817e563b0fa9c74badbabf30474665c03ae8ddcc23", size = 3042303 },
    { url = "https://files.pythonhosted.org/packages/cd/3c/44e55af7b992b6804eba58afdd49ca86a06d64770f764181e39d71a5c1b7/confluent_kafka-2.8.0-cp312-cp312-manylinux_2_28_aarch64.whl", hash = "sha256:c540935d89acf1bc173fddd0b9b978ece348345f5a0fccf549ea8663cfa5152c", size = 15154510 },
    { url = "https://files.pythonhosted.org/packages/4c/56/455d13c23ec97b968d45101f88ca1e6d51ccf122524da4bd9c5440bc942f/confluent_kafka-2.8.0-cp312-cp312-manylinux_2_28_x86_64.whl", hash = "sha256:79ae80fd9aa0d71689d7189591faf00354907b728c172f4f97a6d23797972025", size = 3827618 },
    { url = "https://files.pythonhosted.org/packages/b7/57/5999fd41b4aff7c9727be68aadebe1f13ffe03bb98cceb9a0e35c3fd41eb/confluent_kafka-2.8.0-cp312-cp312-win_amd64.whl", hash = "sha256:68ebba11c2a33f530d62318c997d40b77e627bfa821683bede0edb043d99504f", size = 3958152 },
    { url = "https://files.pythonhosted.org/packages/8e/38/0b6dd243657b5fc85e5f3f005af5addbb8ef537f7d1edcf1c15f1b8f1756/confluent_kafka-2.8.0-cp313-cp313-macosx_13_0_arm64.whl", hash = "sha256:dd3bc67d589dd486d128a159e918ecf3765f8154474edf9f6f701f701de735a1", size = 3046204 },
    { url = "https://files.pythonhosted.org/packages/f5/51/420832cc0161980c1da13fd6b93bf0dfe794e5c8c8c22182d4c33a79e08c/confluent_kafka-2.8.0-cp313-cp313-macosx_13_0_x86_64.whl", hash = "sha256:4c0e655df9faef450654700db3fda163ddbc4b68f5bf5c7633cf1bf9d932d892", size = 3515351 },
    { url = "https://files.pythonhosted.org/packages/58/28/aa3bd7237cafe33224bd431f72a3434c831a8301e6540217768541b3c351/confluent_kafka-2.8.0-cp313-cp313-manylinux_2_28_aarch64.whl", hash = "sha256:abff7c4853e2d118563229329ca0a1f148ee5004cbcb9a8dad9dc8e796fcc477", size = 15154973 },
    { url = "https://files.pythonhosted.org/packages/37/c2/80679106bdda754c63e2293f558aaae21557e671faa569e945126e6cb2d3/confluent_kafka-2.8.0-cp313-cp313-manylinux_2_28_x86_64.whl", hash = "sha256:e75230b51456de5cfaefe94c35f3de5101864d8c21518f114d5cd9dd1d7d43b1", size = 3827966 },
    { url = "https://files.pythonhosted.org/packages/b9/a4/e831d44f370dbd067a780b8fe8959f2e8cb8d878a050dfa06964541b985c/confluent_kafka-2.8.0-cp313-cp313-win_amd64.whl", hash = "sha256:fd8181d2866dd182c3247f61740cd2bc1526c9ae1d9e541cd96c44f0f72d4460", size = 4017837 },
]

[[package]]
name = "jmespath"
version = "1.0.1"
source = { registry = "https://pypi.org/simple" }
sdist = { url = "https://files.pythonhosted.org/packages/00/2a/e867e8531cf3e36b41201936b7fa7ba7b5702dbef42922193f05c8976cd6/jmespath-1.0.1.tar.gz", hash = "sha256:90261b206d6defd58fdd5e85f478bf633a2901798906be2ad389150c5c60edbe", size = 25843 }
wheels = [
    { url = "https://files.pythonhosted.org/packages/31/b4/b9b800c45527aadd64d5b442f9b932b00648617eb5d63d2c7a6587b7cafc/jmespath-1.0.1-py3-none-any.whl", hash = "sha256:02e2e4cc71b5bcab88332eebf907519190dd9e6e82107fa7f83b1003a6252980", size = 20256 },
]

[[package]]
name = "projeto3"
version = "0.1.0"
source = { virtual = "." }
dependencies = [
    { name = "boto3" },
    { name = "confluent-kafka" },
    { name = "pycodestyle" },
]

[package.metadata]
requires-dist = [
    { name = "boto3", specifier = ">=1.37.1" },
    { name = "confluent-kafka", specifier = ">=2.8.0" },
    { name = "pycodestyle", specifier = ">=2.12.1" },
]

[[package]]
name = "pycodestyle"
version = "2.12.1"
source = { registry = "https://pypi.org/simple" }
sdist = { url = "https://files.pythonhosted.org/packages/43/aa/210b2c9aedd8c1cbeea31a50e42050ad56187754b34eb214c46709445801/pycodestyle-2.12.1.tar.gz", hash = "sha256:6838eae08bbce4f6accd5d5572075c63626a15ee3e6f842df996bf62f6d73521", size = 39232 }
wheels = [
    { url = "https://files.pythonhosted.org/packages/3a/d8/a211b3f85e99a0daa2ddec96c949cac6824bd305b040571b82a03dd62636/pycodestyle-2.12.1-py2.py3-none-any.whl", hash = "sha256:46f0fb92069a7c28ab7bb558f05bfc0110dac69a0cd23c61ea0040283a9d78b3", size = 31284 },
]

[[package]]
name = "python-dateutil"
version = "2.9.0.post0"
source = { registry = "https://pypi.org/simple" }
dependencies = [
    { name = "six" },
]
sdist = { url = "https://files.pythonhosted.org/packages/66/c0/0c8b6ad9f17a802ee498c46e004a0eb49bc148f2fd230864601a86dcf6db/python-dateutil-2.9.0.post0.tar.gz", hash = "sha256:37dd54208da7e1cd875388217d5e00ebd4179249f90fb72437e91a35459a0ad3", size = 342432 }
wheels = [
    { url = "https://files.pythonhosted.org/packages/ec/57/56b9bcc3c9c6a792fcbaf139543cee77261f3651ca9da0c93f5c1221264b/python_dateutil-2.9.0.post0-py2.py3-none-any.whl", hash = "sha256:a8b2bc7bffae282281c8140a97d3aa9c14da0b136dfe83f850eea9a5f7470427", size = 229892 },
]

[[package]]
name = "s3transfer"
version = "0.11.2"
source = { registry = "https://pypi.org/simple" }
dependencies = [
    { name = "botocore" },
]
sdist = { url = "https://files.pythonhosted.org/packages/62/45/2323b5928f86fd29f9afdcef4659f68fa73eaa5356912b774227f5cf46b5/s3transfer-0.11.2.tar.gz", hash = "sha256:3b39185cb72f5acc77db1a58b6e25b977f28d20496b6e58d6813d75f464d632f", size = 147885 }
wheels = [
    { url = "https://files.pythonhosted.org/packages/1b/ac/e7dc469e49048dc57f62e0c555d2ee3117fa30813d2a1a2962cce3a2a82a/s3transfer-0.11.2-py3-none-any.whl", hash = "sha256:be6ecb39fadd986ef1701097771f87e4d2f821f27f6071c872143884d2950fbc", size = 84151 },
]

[[package]]
name = "six"
version = "1.17.0"
source = { registry = "https://pypi.org/simple" }
sdist = { url = "https://files.pythonhosted.org/packages/94/e7/b2c673351809dca68a0e064b6af791aa332cf192da575fd474ed7d6f16a2/six-1.17.0.tar.gz", hash = "sha256:ff70335d468e7eb6ec65b95b99d3a2836546063f63acc5171de367e834932a81", size = 34031 }
wheels = [
    { url = "https://files.pythonhosted.org/packages/b7/ce/149a00dd41f10bc29e5921b496af8b574d8413afcd5e30dfa0ed46c2cc5e/six-1.17.0-py2.py3-none-any.whl", hash = "sha256:4721f391ed90541fddacab5acf947aa0d3dc7d27b2e1e8eda2be8970586c3274", size = 11050 },
]

[[package]]
name = "urllib3"
version = "2.3.0"
source = { registry = "https://pypi.org/simple" }
sdist = { url = "https://files.pythonhosted.org/packages/aa/63/e53da845320b757bf29ef6a9062f5c669fe997973f966045cb019c3f4b66/urllib3-2.3.0.tar.gz", hash = "sha256:f8c5449b3cf0861679ce7e0503c7b44b5ec981bec0d1d3795a07f1ba96f0204d", size = 307268 }
wheels = [
    { url = "https://files.pythonhosted.org/packages/c8/19/4ec628951a74043532ca2cf5d97b7b14863931476d117c471e8e2b1eb39f/urllib3-2.3.0-py3-none-any.whl", hash = "sha256:1cee9ad369867bfdbbb48b7dd50374c0967a0bb7710050facf0dd6911440e3df", size = 128369 },
]
